
Microsoft Visual Studio Solution File, Format Version 12.00
Project("{2150E333-8FDC-42A3-9474-1A3956D46DE8}") = "src", "src", "{BC7615AA-A033-4E57-A0B7-EBC9DDA03E2A}"
EndProject
Project("{2150E333-8FDC-42A3-9474-1A3956D46DE8}") = "tests", "tests", "{2B232E7E-4D46-4884-AC3C-575DB19E3F54}"
EndProject
Project("{2150E333-8FDC-42A3-9474-1A3956D46DE8}") = "Presentation", "Presentation", "{6D61263A-5888-4CCA-8BA3-FE1BB72EA3EA}"
EndProject
Project("{2150E333-8FDC-42A3-9474-1A3956D46DE8}") = "Application", "Application", "{BC96D80A-9CDF-4140-9CA7-6A8C7D29D6C4}"
EndProject
Project("{2150E333-8FDC-42A3-9474-1A3956D46DE8}") = "Domain", "Domain", "{18333C45-F7D0-41CA-8542-2E37E921FB49}"
EndProject
Project("{2150E333-8FDC-42A3-9474-1A3956D46DE8}") = "Infrastructure", "Infrastructure", "{52670D2F-FD52-43BF-9340-6CD13728B7A5}"
EndProject
Project("{2150E333-8FDC-42A3-9474-1A3956D46DE8}") = "Framework", "Framework", "{BAD9C84A-C3A2-4013-AB2F-201C029DC65B}"
EndProject
Project("{FAE04EC0-301F-11D3-BF4B-00C04F79EFBC}") = "TaheriShop.WebApp", "src\Presentation\TaheriShop.WebApp\TaheriShop.WebApp.csproj", "{0FA497CD-8B9D-4EBD-AADE-FA4D671F49C6}"
EndProject
Project("{FAE04EC0-301F-11D3-BF4B-00C04F79EFBC}") = "TaheriShop.Domain", "src\Domain\TaheriShop.Domain\TaheriShop.Domain.csproj", "{E259F584-490E-42A5-96E5-004CB11A2692}"
EndProject
Project("{FAE04EC0-301F-11D3-BF4B-00C04F79EFBC}") = "TaheriShop.Application", "src\Application\TaheriShop.Application\TaheriShop.Application.csproj", "{7967FD09-DD0E-4317-B66D-91C4D45C50E5}"
EndProject
Project("{FAE04EC0-301F-11D3-BF4B-00C04F79EFBC}") = "TaheriShop.Framework.Core", "src\Framework\TaheriShop.Framework.Core\TaheriShop.Framework.Core.csproj", "{15F71A00-58A6-4B3E-B3E1-99ABAAE235E0}"
EndProject
Project("{FAE04EC0-301F-11D3-BF4B-00C04F79EFBC}") = "TaheriShop.Application.Contracts", "src\Application\TaheriShop.Application.Contracts\TaheriShop.Application.Contracts.csproj", "{F651434E-4E67-4AF0-B576-DD2A42610D84}"
EndProject
Project("{FAE04EC0-301F-11D3-BF4B-00C04F79EFBC}") = "TaheriShop.WebApi", "src\Presentation\TaheriShop.WebApi\TaheriShop.WebApi.csproj", "{06A398BB-56F4-4049-84EA-EED2A8C6CD77}"
EndProject
Global
	GlobalSection(SolutionConfigurationPlatforms) = preSolution
		Debug|Any CPU = Debug|Any CPU
		Release|Any CPU = Release|Any CPU
	EndGlobalSection
	GlobalSection(NestedProjects) = preSolution
		{6D61263A-5888-4CCA-8BA3-FE1BB72EA3EA} = {BC7615AA-A033-4E57-A0B7-EBC9DDA03E2A}
		{BC96D80A-9CDF-4140-9CA7-6A8C7D29D6C4} = {BC7615AA-A033-4E57-A0B7-EBC9DDA03E2A}
		{18333C45-F7D0-41CA-8542-2E37E921FB49} = {BC7615AA-A033-4E57-A0B7-EBC9DDA03E2A}
		{52670D2F-FD52-43BF-9340-6CD13728B7A5} = {BC7615AA-A033-4E57-A0B7-EBC9DDA03E2A}
		{BAD9C84A-C3A2-4013-AB2F-201C029DC65B} = {BC7615AA-A033-4E57-A0B7-EBC9DDA03E2A}
		{0FA497CD-8B9D-4EBD-AADE-FA4D671F49C6} = {6D61263A-5888-4CCA-8BA3-FE1BB72EA3EA}
		{E259F584-490E-42A5-96E5-004CB11A2692} = {18333C45-F7D0-41CA-8542-2E37E921FB49}
		{7967FD09-DD0E-4317-B66D-91C4D45C50E5} = {BC96D80A-9CDF-4140-9CA7-6A8C7D29D6C4}
		{15F71A00-58A6-4B3E-B3E1-99ABAAE235E0} = {BAD9C84A-C3A2-4013-AB2F-201C029DC65B}
		{F651434E-4E67-4AF0-B576-DD2A42610D84} = {BC96D80A-9CDF-4140-9CA7-6A8C7D29D6C4}
		{06A398BB-56F4-4049-84EA-EED2A8C6CD77} = {6D61263A-5888-4CCA-8BA3-FE1BB72EA3EA}
	EndGlobalSection
	GlobalSection(ProjectConfigurationPlatforms) = postSolution
		{0FA497CD-8B9D-4EBD-AADE-FA4D671F49C6}.Debug|Any CPU.ActiveCfg = Debug|Any CPU
		{0FA497CD-8B9D-4EBD-AADE-FA4D671F49C6}.Debug|Any CPU.Build.0 = Debug|Any CPU
		{0FA497CD-8B9D-4EBD-AADE-FA4D671F49C6}.Release|Any CPU.ActiveCfg = Release|Any CPU
		{0FA497CD-8B9D-4EBD-AADE-FA4D671F49C6}.Release|Any CPU.Build.0 = Release|Any CPU
		{E259F584-490E-42A5-96E5-004CB11A2692}.Debug|Any CPU.ActiveCfg = Debug|Any CPU
		{E259F584-490E-42A5-96E5-004CB11A2692}.Debug|Any CPU.Build.0 = Debug|Any CPU
		{E259F584-490E-42A5-96E5-004CB11A2692}.Release|Any CPU.ActiveCfg = Release|Any CPU
		{E259F584-490E-42A5-96E5-004CB11A2692}.Release|Any CPU.Build.0 = Release|Any CPU
		{7967FD09-DD0E-4317-B66D-91C4D45C50E5}.Debug|Any CPU.ActiveCfg = Debug|Any CPU
		{7967FD09-DD0E-4317-B66D-91C4D45C50E5}.Debug|Any CPU.Build.0 = Debug|Any CPU
		{7967FD09-DD0E-4317-B66D-91C4D45C50E5}.Release|Any CPU.ActiveCfg = Release|Any CPU
		{7967FD09-DD0E-4317-B66D-91C4D45C50E5}.Release|Any CPU.Build.0 = Release|Any CPU
		{15F71A00-58A6-4B3E-B3E1-99ABAAE235E0}.Debug|Any CPU.ActiveCfg = Debug|Any CPU
		{15F71A00-58A6-4B3E-B3E1-99ABAAE235E0}.Debug|Any CPU.Build.0 = Debug|Any CPU
		{15F71A00-58A6-4B3E-B3E1-99ABAAE235E0}.Release|Any CPU.ActiveCfg = Release|Any CPU
		{15F71A00-58A6-4B3E-B3E1-99ABAAE235E0}.Release|Any CPU.Build.0 = Release|Any CPU
		{F651434E-4E67-4AF0-B576-DD2A42610D84}.Debug|Any CPU.ActiveCfg = Debug|Any CPU
		{F651434E-4E67-4AF0-B576-DD2A42610D84}.Debug|Any CPU.Build.0 = Debug|Any CPU
		{F651434E-4E67-4AF0-B576-DD2A42610D84}.Release|Any CPU.ActiveCfg = Release|Any CPU
		{F651434E-4E67-4AF0-B576-DD2A42610D84}.Release|Any CPU.Build.0 = Release|Any CPU
		{06A398BB-56F4-4049-84EA-EED2A8C6CD77}.Debug|Any CPU.ActiveCfg = Debug|Any CPU
		{06A398BB-56F4-4049-84EA-EED2A8C6CD77}.Debug|Any CPU.Build.0 = Debug|Any CPU
		{06A398BB-56F4-4049-84EA-EED2A8C6CD77}.Release|Any CPU.ActiveCfg = Release|Any CPU
		{06A398BB-56F4-4049-84EA-EED2A8C6CD77}.Release|Any CPU.Build.0 = Release|Any CPU
	EndGlobalSection
EndGlobal
